# This file was autogenerated by Stack.
# You should not edit this file by hand.
# For more information, please see the documentation at:
#   https://docs.haskellstack.org/en/stable/lock_files

packages:
- completed:
    hackage: Cabal-3.6.3.0@sha256:ff97c442b0c679c1c9876acd15f73ac4f602b973c45bde42b43ec28265ee48f4,12459
    pantry-tree:
      sha256: b250a53bdb56844f047a2927833bb565b936a289abfa85dfc2a63148d776368a
      size: 19757
  original:
    hackage: Cabal-3.6.3.0@sha256:ff97c442b0c679c1c9876acd15f73ac4f602b973c45bde42b43ec28265ee48f4,12459
- completed:
    hackage: primitive-0.7.4.0@sha256:89b88a3e08493b7727fa4089b0692bfbdf7e1e666ef54635f458644eb8358764,2857
    pantry-tree:
      sha256: 71a850c658b70e869da19f61615d87d9d6ecec597f0e3d4b498da56559114829
      size: 1655
  original:
    hackage: primitive-0.7.4.0
- completed:
    name: beam-core
    pantry-tree:
      sha256: 7363ef0c25931073a17a5d9f634ac77feac8bc9eea38538eb816c6899d2a0e88
      size: 2705
    sha256: dbc3dbd9e9fae1ddfafa5f16fed06b416dd7302808974ee222d495eebad9ad3a
    size: 1220876
    subdir: beam-core
    url: https://github.com/LaurentRDC/beam/archive/131298832e4479f2e6787d5ad15008e29fe68a2d.tar.gz
    version: 0.10.0.0
  original:
    subdir: beam-core
    url: https://github.com/LaurentRDC/beam/archive/131298832e4479f2e6787d5ad15008e29fe68a2d.tar.gz
- completed:
    name: beam-postgres
    pantry-tree:
      sha256: fdf26ad6a5b973b3bac4ea59b8c480f573fce06d85271b259c38eda121544ff7
      size: 2597
    sha256: dbc3dbd9e9fae1ddfafa5f16fed06b416dd7302808974ee222d495eebad9ad3a
    size: 1220876
    subdir: beam-postgres
    url: https://github.com/LaurentRDC/beam/archive/131298832e4479f2e6787d5ad15008e29fe68a2d.tar.gz
    version: 0.5.3.0
  original:
    subdir: beam-postgres
    url: https://github.com/LaurentRDC/beam/archive/131298832e4479f2e6787d5ad15008e29fe68a2d.tar.gz
- completed:
    name: beam-migrate
    pantry-tree:
      sha256: d18af47f014eb7225d260b6ec2024983d2df3a2888261aef5af2f7a4e760748b
      size: 1826
    sha256: dbc3dbd9e9fae1ddfafa5f16fed06b416dd7302808974ee222d495eebad9ad3a
    size: 1220876
    subdir: beam-migrate
    url: https://github.com/LaurentRDC/beam/archive/131298832e4479f2e6787d5ad15008e29fe68a2d.tar.gz
    version: 0.5.2.0
  original:
    subdir: beam-migrate
    url: https://github.com/LaurentRDC/beam/archive/131298832e4479f2e6787d5ad15008e29fe68a2d.tar.gz
snapshots:
- completed:
    sha256: fc39d8afc97531d53d87b10abdef593bce503c0c1e46c2e9a84ebcbc78bf8470
    size: 648432
    url: https://raw.githubusercontent.com/commercialhaskell/stackage-snapshots/master/lts/20/2.yaml
  original:
    url: https://raw.githubusercontent.com/commercialhaskell/stackage-snapshots/master/lts/20/2.yaml
